
Microsoft Visual Studio Solution File, Format Version 12.00
# Visual Studio 2013
VisualStudioVersion = 12.0.31101.0
MinimumVisualStudioVersion = 10.0.40219.1
Project("{FAE04EC0-301F-11D3-BF4B-00C04F79EFBC}") = "TextMatch.web", "TextMatch.Web\TextMatch.web.csproj", "{5B21AB5F-28D5-453E-8D25-39ABA6E56FF0}"
EndProject
Project("{FAE04EC0-301F-11D3-BF4B-00C04F79EFBC}") = "TextMatch.test", "TextMatch.Test\TextMatch.test.csproj", "{547A270F-2D76-44B8-B04C-C1794A72B6B0}"
EndProject
Global
	GlobalSection(SolutionConfigurationPlatforms) = preSolution
		Debug|Any CPU = Debug|Any CPU
		Release|Any CPU = Release|Any CPU
	EndGlobalSection
	GlobalSection(ProjectConfigurationPlatforms) = postSolution
		{5B21AB5F-28D5-453E-8D25-39ABA6E56FF0}.Debug|Any CPU.ActiveCfg = Debug|Any CPU
		{5B21AB5F-28D5-453E-8D25-39ABA6E56FF0}.Debug|Any CPU.Build.0 = Debug|Any CPU
		{5B21AB5F-28D5-453E-8D25-39ABA6E56FF0}.Release|Any CPU.ActiveCfg = Release|Any CPU
		{5B21AB5F-28D5-453E-8D25-39ABA6E56FF0}.Release|Any CPU.Build.0 = Release|Any CPU
		{547A270F-2D76-44B8-B04C-C1794A72B6B0}.Debug|Any CPU.ActiveCfg = Debug|Any CPU
		{547A270F-2D76-44B8-B04C-C1794A72B6B0}.Debug|Any CPU.Build.0 = Debug|Any CPU
		{547A270F-2D76-44B8-B04C-C1794A72B6B0}.Release|Any CPU.ActiveCfg = Release|Any CPU
		{547A270F-2D76-44B8-B04C-C1794A72B6B0}.Release|Any CPU.Build.0 = Release|Any CPU
	EndGlobalSection
	GlobalSection(SolutionProperties) = preSolution
		HideSolutionNode = FALSE
	EndGlobalSection
EndGlobal
